// !$*UTF8*$!
{
	archiveVersion = 1;
	classes = {
	};
	objectVersion = 50;
	objects = {

/* Begin PBXBuildFile section */
		0022991525E3AFCE00E18705 /* ResOkTableViewController.swift in Sources */ = {isa = PBXBuildFile; fileRef = 0022991425E3AFCE00E18705 /* ResOkTableViewController.swift */; };
		0022991825E3B03E00E18705 /* ResOkTableViewCell.swift in Sources */ = {isa = PBXBuildFile; fileRef = 0022991725E3B03E00E18705 /* ResOkTableViewCell.swift */; };
		002782E525A5AD5700A902FF /* EscapeResTimer.swift in Sources */ = {isa = PBXBuildFile; fileRef = 002782E425A5AD5700A902FF /* EscapeResTimer.swift */; };
		00433C4A25985B2800F662FC /* ReservationCell.swift in Sources */ = {isa = PBXBuildFile; fileRef = 00433C4925985B2800F662FC /* ReservationCell.swift */; };
		004368A725944C0B00EE2579 /* Assets.xcassets in Resources */ = {isa = PBXBuildFile; fileRef = 004368A625944C0B00EE2579 /* Assets.xcassets */; };
		00AA3AF7259A2A5C009688A2 /* EscapeResViewController.swift in Sources */ = {isa = PBXBuildFile; fileRef = 00AA3AF6259A2A5C009688A2 /* EscapeResViewController.swift */; };
		00B4CD86259087D200F80B4F /* AppDelegate.swift in Sources */ = {isa = PBXBuildFile; fileRef = 00B4CD85259087D200F80B4F /* AppDelegate.swift */; };
		00B4CD88259087D200F80B4F /* SceneDelegate.swift in Sources */ = {isa = PBXBuildFile; fileRef = 00B4CD87259087D200F80B4F /* SceneDelegate.swift */; };
		00B4CD8A259087D200F80B4F /* ViewController.swift in Sources */ = {isa = PBXBuildFile; fileRef = 00B4CD89259087D200F80B4F /* ViewController.swift */; };
		00B4CD8D259087D200F80B4F /* Main.storyboard in Resources */ = {isa = PBXBuildFile; fileRef = 00B4CD8B259087D200F80B4F /* Main.storyboard */; };
		00B4CD92259087D900F80B4F /* LaunchScreen.storyboard in Resources */ = {isa = PBXBuildFile; fileRef = 00B4CD90259087D900F80B4F /* LaunchScreen.storyboard */; };
		00B4CD9B2590A6F000F80B4F /* MenuTableViewController.swift in Sources */ = {isa = PBXBuildFile; fileRef = 00B4CD9A2590A6F000F80B4F /* MenuTableViewController.swift */; };
		00B4CD9E2590FB3A00F80B4F /* ContentTableViewController.swift in Sources */ = {isa = PBXBuildFile; fileRef = 00B4CD9D2590FB3A00F80B4F /* ContentTableViewController.swift */; };
		00B4CDA12590FC7400F80B4F /* GoogleSheetJSON.swift in Sources */ = {isa = PBXBuildFile; fileRef = 00B4CDA02590FC7400F80B4F /* GoogleSheetJSON.swift */; };
		00B4CDA42590FCBA00F80B4F /* MenuTableViewCell.swift in Sources */ = {isa = PBXBuildFile; fileRef = 00B4CDA32590FCBA00F80B4F /* MenuTableViewCell.swift */; };
		00B4CDAD2591A3A700F80B4F /* InitEscapeData.swift in Sources */ = {isa = PBXBuildFile; fileRef = 00B4CDAC2591A3A700F80B4F /* InitEscapeData.swift */; };
		00B4CDB12591B09A00F80B4F /* UrlRequestTask.swift in Sources */ = {isa = PBXBuildFile; fileRef = 00B4CDB02591B09A00F80B4F /* UrlRequestTask.swift */; };
		00B4CDB42592EA6800F80B4F /* ContentViewController.swift in Sources */ = {isa = PBXBuildFile; fileRef = 00B4CDB32592EA6700F80B4F /* ContentViewController.swift */; };
		00B4CDB92592EC4900F80B4F /* HomePageViewController.swift in Sources */ = {isa = PBXBuildFile; fileRef = 00B4CDB82592EC4900F80B4F /* HomePageViewController.swift */; };
		00C5265725ADBF0800BD0DD8 /* GoogleSheetUpload.swift in Sources */ = {isa = PBXBuildFile; fileRef = 00C5265625ADBF0800BD0DD8 /* GoogleSheetUpload.swift */; };
/* End PBXBuildFile section */

/* Begin PBXFileReference section */
		0022991425E3AFCE00E18705 /* ResOkTableViewController.swift */ = {isa = PBXFileReference; lastKnownFileType = sourcecode.swift; path = ResOkTableViewController.swift; sourceTree = "<group>"; };
		0022991725E3B03E00E18705 /* ResOkTableViewCell.swift */ = {isa = PBXFileReference; lastKnownFileType = sourcecode.swift; path = ResOkTableViewCell.swift; sourceTree = "<group>"; };
		002782E425A5AD5700A902FF /* EscapeResTimer.swift */ = {isa = PBXFileReference; lastKnownFileType = sourcecode.swift; path = EscapeResTimer.swift; sourceTree = "<group>"; };
		00433C4925985B2800F662FC /* ReservationCell.swift */ = {isa = PBXFileReference; lastKnownFileType = sourcecode.swift; path = ReservationCell.swift; sourceTree = "<group>"; };
		004368A625944C0B00EE2579 /* Assets.xcassets */ = {isa = PBXFileReference; lastKnownFileType = folder.assetcatalog; path = Assets.xcassets; sourceTree = "<group>"; };
		00AA3AF6259A2A5C009688A2 /* EscapeResViewController.swift */ = {isa = PBXFileReference; lastKnownFileType = sourcecode.swift; path = EscapeResViewController.swift; sourceTree = "<group>"; wrapsLines = 0; };
		00B4CD82259087D200F80B4F /* EscapeGame2.app */ = {isa = PBXFileReference; explicitFileType = wrapper.application; includeInIndex = 0; path = EscapeGame2.app; sourceTree = BUILT_PRODUCTS_DIR; };
		00B4CD85259087D200F80B4F /* AppDelegate.swift */ = {isa = PBXFileReference; lastKnownFileType = sourcecode.swift; path = AppDelegate.swift; sourceTree = "<group>"; };
		00B4CD87259087D200F80B4F /* SceneDelegate.swift */ = {isa = PBXFileReference; lastKnownFileType = sourcecode.swift; path = SceneDelegate.swift; sourceTree = "<group>"; };
		00B4CD89259087D200F80B4F /* ViewController.swift */ = {isa = PBXFileReference; lastKnownFileType = sourcecode.swift; path = ViewController.swift; sourceTree = "<group>"; };
		00B4CD8C259087D200F80B4F /* Base */ = {isa = PBXFileReference; lastKnownFileType = file.storyboard; name = Base; path = Base.lproj/Main.storyboard; sourceTree = "<group>"; };
		00B4CD91259087D900F80B4F /* Base */ = {isa = PBXFileReference; lastKnownFileType = file.storyboard; name = Base; path = Base.lproj/LaunchScreen.storyboard; sourceTree = "<group>"; };
		00B4CD93259087D900F80B4F /* Info.plist */ = {isa = PBXFileReference; lastKnownFileType = text.plist.xml; path = Info.plist; sourceTree = "<group>"; };
		00B4CD9A2590A6F000F80B4F /* MenuTableViewController.swift */ = {isa = PBXFileReference; lastKnownFileType = sourcecode.swift; path = MenuTableViewController.swift; sourceTree = "<group>"; };
		00B4CD9D2590FB3A00F80B4F /* ContentTableViewController.swift */ = {isa = PBXFileReference; lastKnownFileType = sourcecode.swift; path = ContentTableViewController.swift; sourceTree = "<group>"; };
		00B4CDA02590FC7400F80B4F /* GoogleSheetJSON.swift */ = {isa = PBXFileReference; lastKnownFileType = sourcecode.swift; path = GoogleSheetJSON.swift; sourceTree = "<group>"; };
		00B4CDA32590FCBA00F80B4F /* MenuTableViewCell.swift */ = {isa = PBXFileReference; lastKnownFileType = sourcecode.swift; path = MenuTableViewCell.swift; sourceTree = "<group>"; };
		00B4CDAC2591A3A700F80B4F /* InitEscapeData.swift */ = {isa = PBXFileReference; lastKnownFileType = sourcecode.swift; path = InitEscapeData.swift; sourceTree = "<group>"; };
		00B4CDB02591B09A00F80B4F /* UrlRequestTask.swift */ = {isa = PBXFileReference; lastKnownFileType = sourcecode.swift; path = UrlRequestTask.swift; sourceTree = "<group>"; };
		00B4CDB32592EA6700F80B4F /* ContentViewController.swift */ = {isa = PBXFileReference; lastKnownFileType = sourcecode.swift; path = ContentViewController.swift; sourceTree = "<group>"; };
		00B4CDB82592EC4900F80B4F /* HomePageViewController.swift */ = {isa = PBXFileReference; lastKnownFileType = sourcecode.swift; path = HomePageViewController.swift; sourceTree = "<group>"; };
		00C5265625ADBF0800BD0DD8 /* GoogleSheetUpload.swift */ = {isa = PBXFileReference; lastKnownFileType = sourcecode.swift; path = GoogleSheetUpload.swift; sourceTree = "<group>"; };
/* End PBXFileReference section */

/* Begin PBXFrameworksBuildPhase section */
		00B4CD7F259087D200F80B4F /* Frameworks */ = {
			isa = PBXFrameworksBuildPhase;
			buildActionMask = 2147483647;
			files = (
			);
			runOnlyForDeploymentPostprocessing = 0;
		};
/* End PBXFrameworksBuildPhase section */

/* Begin PBXGroup section */
		00B4CD79259087D200F80B4F = {
			isa = PBXGroup;
			children = (
				00B4CD84259087D200F80B4F /* EscapeGame2 */,
				00B4CD83259087D200F80B4F /* Products */,
			);
			sourceTree = "<group>";
		};
		00B4CD83259087D200F80B4F /* Products */ = {
			isa = PBXGroup;
			children = (
				00B4CD82259087D200F80B4F /* EscapeGame2.app */,
			);
			name = Products;
			sourceTree = "<group>";
		};
		00B4CD84259087D200F80B4F /* EscapeGame2 */ = {
			isa = PBXGroup;
			children = (
				00B4CD85259087D200F80B4F /* AppDelegate.swift */,
				00B4CD87259087D200F80B4F /* SceneDelegate.swift */,
				00B4CD89259087D200F80B4F /* ViewController.swift */,
				00B4CD8B259087D200F80B4F /* Main.storyboard */,
				00B4CDAA259107C100F80B4F /* ViewController */,
				00B4CDA9259107A600F80B4F /* Views */,
				00B4CDA82591078900F80B4F /* Model */,
				00B4CD90259087D900F80B4F /* LaunchScreen.storyboard */,
				00B4CD93259087D900F80B4F /* Info.plist */,
				004368A625944C0B00EE2579 /* Assets.xcassets */,
			);
			path = EscapeGame2;
			sourceTree = "<group>";
		};
		00B4CDA82591078900F80B4F /* Model */ = {
			isa = PBXGroup;
			children = (
				00B4CDA02590FC7400F80B4F /* GoogleSheetJSON.swift */,
				00C5265625ADBF0800BD0DD8 /* GoogleSheetUpload.swift */,
				00B4CDB02591B09A00F80B4F /* UrlRequestTask.swift */,
				00B4CDAC2591A3A700F80B4F /* InitEscapeData.swift */,
				002782E425A5AD5700A902FF /* EscapeResTimer.swift */,
			);
			path = Model;
			sourceTree = "<group>";
		};
		00B4CDA9259107A600F80B4F /* Views */ = {
			isa = PBXGroup;
			children = (
				00B4CDA32590FCBA00F80B4F /* MenuTableViewCell.swift */,
				00433C4925985B2800F662FC /* ReservationCell.swift */,
				0022991725E3B03E00E18705 /* ResOkTableViewCell.swift */,
			);
			path = Views;
			sourceTree = "<group>";
		};
		00B4CDAA259107C100F80B4F /* ViewController */ = {
			isa = PBXGroup;
			children = (
				00B4CDB82592EC4900F80B4F /* HomePageViewController.swift */,
				00B4CDB32592EA6700F80B4F /* ContentViewController.swift */,
				00B4CD9D2590FB3A00F80B4F /* ContentTableViewController.swift */,
				00B4CD9A2590A6F000F80B4F /* MenuTableViewController.swift */,
				00AA3AF6259A2A5C009688A2 /* EscapeResViewController.swift */,
				0022991425E3AFCE00E18705 /* ResOkTableViewController.swift */,
			);
			path = ViewController;
			sourceTree = "<group>";
		};
/* End PBXGroup section */

/* Begin PBXNativeTarget section */
		00B4CD81259087D200F80B4F /* EscapeGame2 */ = {
			isa = PBXNativeTarget;
			buildConfigurationList = 00B4CD96259087D900F80B4F /* Build configuration list for PBXNativeTarget "EscapeGame2" */;
			buildPhases = (
				00B4CD7E259087D200F80B4F /* Sources */,
				00B4CD7F259087D200F80B4F /* Frameworks */,
				00B4CD80259087D200F80B4F /* Resources */,
			);
			buildRules = (
			);
			dependencies = (
			);
			name = EscapeGame2;
			productName = EscapeGame2;
			productReference = 00B4CD82259087D200F80B4F /* EscapeGame2.app */;
			productType = "com.apple.product-type.application";
		};
/* End PBXNativeTarget section */

/* Begin PBXProject section */
		00B4CD7A259087D200F80B4F /* Project object */ = {
			isa = PBXProject;
			attributes = {
				LastSwiftUpdateCheck = 1210;
				LastUpgradeCheck = 1210;
				TargetAttributes = {
					00B4CD81259087D200F80B4F = {
						CreatedOnToolsVersion = 12.1;
					};
				};
			};
			buildConfigurationList = 00B4CD7D259087D200F80B4F /* Build configuration list for PBXProject "EscapeGame2" */;
			compatibilityVersion = "Xcode 9.3";
			developmentRegion = en;
			hasScannedForEncodings = 0;
			knownRegions = (
				en,
				Base,
			);
			mainGroup = 00B4CD79259087D200F80B4F;
			productRefGroup = 00B4CD83259087D200F80B4F /* Products */;
			projectDirPath = "";
			projectRoot = "";
			targets = (
				00B4CD81259087D200F80B4F /* EscapeGame2 */,
			);
		};
/* End PBXProject section */

/* Begin PBXResourcesBuildPhase section */
		00B4CD80259087D200F80B4F /* Resources */ = {
			isa = PBXResourcesBuildPhase;
			buildActionMask = 2147483647;
			files = (
				00B4CD92259087D900F80B4F /* LaunchScreen.storyboard in Resources */,
				004368A725944C0B00EE2579 /* Assets.xcassets in Resources */,
				00B4CD8D259087D200F80B4F /* Main.storyboard in Resources */,
			);
			runOnlyForDeploymentPostprocessing = 0;
		};
/* End PBXResourcesBuildPhase section */

/* Begin PBXSourcesBuildPhase section */
		00B4CD7E259087D200F80B4F /* Sources */ = {
			isa = PBXSourcesBuildPhase;
			buildActionMask = 2147483647;
			files = (
				00B4CD9B2590A6F000F80B4F /* MenuTableViewController.swift in Sources */,
				002782E525A5AD5700A902FF /* EscapeResTimer.swift in Sources */,
				00B4CD8A259087D200F80B4F /* ViewController.swift in Sources */,
				00B4CD86259087D200F80B4F /* AppDelegate.swift in Sources */,
				00B4CDB12591B09A00F80B4F /* UrlRequestTask.swift in Sources */,
				00B4CDA42590FCBA00F80B4F /* MenuTableViewCell.swift in Sources */,
				00AA3AF7259A2A5C009688A2 /* EscapeResViewController.swift in Sources */,
				0022991525E3AFCE00E18705 /* ResOkTableViewController.swift in Sources */,
				00B4CD88259087D200F80B4F /* SceneDelegate.swift in Sources */,
				00433C4A25985B2800F662FC /* ReservationCell.swift in Sources */,
				00B4CDB42592EA6800F80B4F /* ContentViewController.swift in Sources */,
				00B4CDB92592EC4900F80B4F /* HomePageViewController.swift in Sources */,
				00B4CDA12590FC7400F80B4F /* GoogleSheetJSON.swift in Sources */,
				0022991825E3B03E00E18705 /* ResOkTableViewCell.swift in Sources */,
				00C5265725ADBF0800BD0DD8 /* GoogleSheetUpload.swift in Sources */,
				00B4CDAD2591A3A700F80B4F /* InitEscapeData.swift in Sources */,
				00B4CD9E2590FB3A00F80B4F /* ContentTableViewController.swift in Sources */,
			);
			runOnlyForDeploymentPostprocessing = 0;
		};
/* End PBXSourcesBuildPhase section */

/* Begin PBXVariantGroup section */
		00B4CD8B259087D200F80B4F /* Main.storyboard */ = {
			isa = PBXVariantGroup;
			children = (
				00B4CD8C259087D200F80B4F /* Base */,
			);
			name = Main.storyboard;
			sourceTree = "<group>";
		};
		00B4CD90259087D900F80B4F /* LaunchScreen.storyboard */ = {
			isa = PBXVariantGroup;
			children = (
				00B4CD91259087D900F80B4F /* Base */,
			);
			name = LaunchScreen.storyboard;
			sourceTree = "<group>";
		};
/* End PBXVariantGroup section */

/* Begin XCBuildConfiguration section */
		00B4CD94259087D900F80B4F /* Debug */ = {
			isa = XCBuildConfiguration;
			buildSettings = {
				ALWAYS_SEARCH_USER_PATHS = NO;
				CLANG_ANALYZER_NONNULL = YES;
				CLANG_ANALYZER_NUMBER_OBJECT_CONVERSION = YES_AGGRESSIVE;
				CLANG_CXX_LANGUAGE_STANDARD = "gnu++14";
				CLANG_CXX_LIBRARY = "libc++";
				CLANG_ENABLE_MODULES = YES;
				CLANG_ENABLE_OBJC_ARC = YES;
				CLANG_ENABLE_OBJC_WEAK = YES;
				CLANG_WARN_BLOCK_CAPTURE_AUTORELEASING = YES;
				CLANG_WARN_BOOL_CONVERSION = YES;
				CLANG_WARN_COMMA = YES;
				CLANG_WARN_CONSTANT_CONVERSION = YES;
				CLANG_WARN_DEPRECATED_OBJC_IMPLEMENTATIONS = YES;
				CLANG_WARN_DIRECT_OBJC_ISA_USAGE = YES_ERROR;
				CLANG_WARN_DOCUMENTATION_COMMENTS = YES;
				CLANG_WARN_EMPTY_BODY = YES;
				CLANG_WARN_ENUM_CONVERSION = YES;
				CLANG_WARN_INFINITE_RECURSION = YES;
				CLANG_WARN_INT_CONVERSION = YES;
				CLANG_WARN_NON_LITERAL_NULL_CONVERSION = YES;
				CLANG_WARN_OBJC_IMPLICIT_RETAIN_SELF = YES;
				CLANG_WARN_OBJC_LITERAL_CONVERSION = YES;
				CLANG_WARN_OBJC_ROOT_CLASS = YES_ERROR;
				CLANG_WARN_QUOTED_INCLUDE_IN_FRAMEWORK_HEADER = YES;
				CLANG_WARN_RANGE_LOOP_ANALYSIS = YES;
				CLANG_WARN_STRICT_PROTOTYPES = YES;
				CLANG_WARN_SUSPICIOUS_MOVE = YES;
				CLANG_WARN_UNGUARDED_AVAILABILITY = YES_AGGRESSIVE;
				CLANG_WARN_UNREACHABLE_CODE = YES;
				CLANG_WARN__DUPLICATE_METHOD_MATCH = YES;
				COPY_PHASE_STRIP = NO;
				DEBUG_INFORMATION_FORMAT = dwarf;
				ENABLE_STRICT_OBJC_MSGSEND = YES;
				ENABLE_TESTABILITY = YES;
				GCC_C_LANGUAGE_STANDARD = gnu11;
				GCC_DYNAMIC_NO_PIC = NO;
				GCC_NO_COMMON_BLOCKS = YES;
				GCC_OPTIMIZATION_LEVEL = 0;
				GCC_PREPROCESSOR_DEFINITIONS = (
					"DEBUG=1",
					"$(inherited)",
				);
				GCC_WARN_64_TO_32_BIT_CONVERSION = YES;
				GCC_WARN_ABOUT_RETURN_TYPE = YES_ERROR;
				GCC_WARN_UNDECLARED_SELECTOR = YES;
				GCC_WARN_UNINITIALIZED_AUTOS = YES_AGGRESSIVE;
				GCC_WARN_UNUSED_FUNCTION = YES;
				GCC_WARN_UNUSED_VARIABLE = YES;
				IPHONEOS_DEPLOYMENT_TARGET = 13.2;
				MTL_ENABLE_DEBUG_INFO = INCLUDE_SOURCE;
				MTL_FAST_MATH = YES;
				ONLY_ACTIVE_ARCH = YES;
				SDKROOT = iphoneos;
				SWIFT_ACTIVE_COMPILATION_CONDITIONS = DEBUG;
				SWIFT_OPTIMIZATION_LEVEL = "-Onone";
			};
			name = Debug;
		};
		00B4CD95259087D900F80B4F /* Release */ = {
			isa = XCBuildConfiguration;
			buildSettings = {
				ALWAYS_SEARCH_USER_PATHS = NO;
				CLANG_ANALYZER_NONNULL = YES;
				CLANG_ANALYZER_NUMBER_OBJECT_CONVERSION = YES_AGGRESSIVE;
				CLANG_CXX_LANGUAGE_STANDARD = "gnu++14";
				CLANG_CXX_LIBRARY = "libc++";
				CLANG_ENABLE_MODULES = YES;
				CLANG_ENABLE_OBJC_ARC = YES;
				CLANG_ENABLE_OBJC_WEAK = YES;
				CLANG_WARN_BLOCK_CAPTURE_AUTORELEASING = YES;
				CLANG_WARN_BOOL_CONVERSION = YES;
				CLANG_WARN_COMMA = YES;
				CLANG_WARN_CONSTANT_CONVERSION = YES;
				CLANG_WARN_DEPRECATED_OBJC_IMPLEMENTATIONS = YES;
				CLANG_WARN_DIRECT_OBJC_ISA_USAGE = YES_ERROR;
				CLANG_WARN_DOCUMENTATION_COMMENTS = YES;
				CLANG_WARN_EMPTY_BODY = YES;
				CLANG_WARN_ENUM_CONVERSION = YES;
				CLANG_WARN_INFINITE_RECURSION = YES;
				CLANG_WARN_INT_CONVERSION = YES;
				CLANG_WARN_NON_LITERAL_NULL_CONVERSION = YES;
				CLANG_WARN_OBJC_IMPLICIT_RETAIN_SELF = YES;
				CLANG_WARN_OBJC_LITERAL_CONVERSION = YES;
				CLANG_WARN_OBJC_ROOT_CLASS = YES_ERROR;
				CLANG_WARN_QUOTED_INCLUDE_IN_FRAMEWORK_HEADER = YES;
				CLANG_WARN_RANGE_LOOP_ANALYSIS = YES;
				CLANG_WARN_STRICT_PROTOTYPES = YES;
				CLANG_WARN_SUSPICIOUS_MOVE = YES;
				CLANG_WARN_UNGUARDED_AVAILABILITY = YES_AGGRESSIVE;
				CLANG_WARN_UNREACHABLE_CODE = YES;
				CLANG_WARN__DUPLICATE_METHOD_MATCH = YES;
				COPY_PHASE_STRIP = NO;
				DEBUG_INFORMATION_FORMAT = "dwarf-with-dsym";
				ENABLE_NS_ASSERTIONS = NO;
				ENABLE_STRICT_OBJC_MSGSEND = YES;
				GCC_C_LANGUAGE_STANDARD = gnu11;
				GCC_NO_COMMON_BLOCKS = YES;
				GCC_WARN_64_TO_32_BIT_CONVERSION = YES;
				GCC_WARN_ABOUT_RETURN_TYPE = YES_ERROR;
				GCC_WARN_UNDECLARED_SELECTOR = YES;
				GCC_WARN_UNINITIALIZED_AUTOS = YES_AGGRESSIVE;
				GCC_WARN_UNUSED_FUNCTION = YES;
				GCC_WARN_UNUSED_VARIABLE = YES;
				IPHONEOS_DEPLOYMENT_TARGET = 13.2;
				MTL_ENABLE_DEBUG_INFO = NO;
				MTL_FAST_MATH = YES;
				SDKROOT = iphoneos;
				SWIFT_COMPILATION_MODE = wholemodule;
				SWIFT_OPTIMIZATION_LEVEL = "-O";
				VALIDATE_PRODUCT = YES;
			};
			name = Release;
		};
		00B4CD97259087D900F80B4F /* Debug */ = {
			isa = XCBuildConfiguration;
			buildSettings = {
				ASSETCATALOG_COMPILER_APPICON_NAME = AppIcon;
				ASSETCATALOG_COMPILER_GLOBAL_ACCENT_COLOR_NAME = AccentColor;
				CODE_SIGN_STYLE = Automatic;
				DEVELOPMENT_TEAM = M2MF9LH58A;
				INFOPLIST_FILE = EscapeGame2/Info.plist;
				LD_RUNPATH_SEARCH_PATHS = (
					"$(inherited)",
					"@executable_path/Frameworks",
				);
				PRODUCT_BUNDLE_IDENTIFIER = "com.Lydia-LL.EscapeGame2";
				PRODUCT_NAME = "$(TARGET_NAME)";
				SWIFT_VERSION = 5.0;
				TARGETED_DEVICE_FAMILY = "1,2";
			};
			name = Debug;
		};
		00B4CD98259087D900F80B4F /* Release */ = {
			isa = XCBuildConfiguration;
			buildSettings = {
				ASSETCATALOG_COMPILER_APPICON_NAME = AppIcon;
				ASSETCATALOG_COMPILER_GLOBAL_ACCENT_COLOR_NAME = AccentColor;
				CODE_SIGN_STYLE = Automatic;
				DEVELOPMENT_TEAM = M2MF9LH58A;
				INFOPLIST_FILE = EscapeGame2/Info.plist;
				LD_RUNPATH_SEARCH_PATHS = (
					"$(inherited)",
					"@executable_path/Frameworks",
				);
				PRODUCT_BUNDLE_IDENTIFIER = "com.Lydia-LL.EscapeGame2";
				PRODUCT_NAME = "$(TARGET_NAME)";
				SWIFT_VERSION = 5.0;
				TARGETED_DEVICE_FAMILY = "1,2";
			};
			name = Release;
		};
/* End XCBuildConfiguration section */

/* Begin XCConfigurationList section */
		00B4CD7D259087D200F80B4F /* Build configuration list for PBXProject "EscapeGame2" */ = {
			isa = XCConfigurationList;
			buildConfigurations = (
				00B4CD94259087D900F80B4F /* Debug */,
				00B4CD95259087D900F80B4F /* Release */,
			);
			defaultConfigurationIsVisible = 0;
			defaultConfigurationName = Release;
		};
		00B4CD96259087D900F80B4F /* Build configuration list for PBXNativeTarget "EscapeGame2" */ = {
			isa = XCConfigurationList;
			buildConfigurations = (
				00B4CD97259087D900F80B4F /* Debug */,
				00B4CD98259087D900F80B4F /* Release */,
			);
			defaultConfigurationIsVisible = 0;
			defaultConfigurationName = Release;
		};
/* End XCConfigurationList section */
	};
	rootObject = 00B4CD7A259087D200F80B4F /* Project object */;
}
